
Microsoft Visual Studio Solution File, Format Version 12.00
# Visual Studio Version 17
VisualStudioVersion = 17.7.34031.279
MinimumVisualStudioVersion = 10.0.40219.1
Project("{FAE04EC0-301F-11D3-BF4B-00C04F79EFBC}") = "CRUD_Operations", "CRUD_Operations\CRUD_Operations.csproj", "{A8CF0972-00F6-44A2-9B14-184CE2F2955A}"
EndProject
Global
	GlobalSection(SolutionConfigurationPlatforms) = preSolution
		Debug|Any CPU = Debug|Any CPU
		Release|Any CPU = Release|Any CPU
	EndGlobalSection
	GlobalSection(ProjectConfigurationPlatforms) = postSolution
		{A8CF0972-00F6-44A2-9B14-184CE2F2955A}.Debug|Any CPU.ActiveCfg = Debug|Any CPU
		{A8CF0972-00F6-44A2-9B14-184CE2F2955A}.Debug|Any CPU.Build.0 = Debug|Any CPU
		{A8CF0972-00F6-44A2-9B14-184CE2F2955A}.Release|Any CPU.ActiveCfg = Release|Any CPU
		{A8CF0972-00F6-44A2-9B14-184CE2F2955A}.Release|Any CPU.Build.0 = Release|Any CPU
	EndGlobalSection
	GlobalSection(SolutionProperties) = preSolution
		HideSolutionNode = FALSE
	EndGlobalSection
	GlobalSection(ExtensibilityGlobals) = postSolution
		SolutionGuid = {61CDC77E-C6B4-446E-818B-CC9787174050}
	EndGlobalSection
EndGlobal
