
Microsoft Visual Studio Solution File, Format Version 12.00
# Visual Studio Version 17
VisualStudioVersion = 17.3.32929.385
MinimumVisualStudioVersion = 10.0.40219.1
Project("{FAE04EC0-301F-11D3-BF4B-00C04F79EFBC}") = "Word_Guesser", "Word_Guesser\Word_Guesser.csproj", "{9F33B349-61D7-4BB7-85E6-29473093BE70}"
EndProject
Global
	GlobalSection(SolutionConfigurationPlatforms) = preSolution
		Debug|Any CPU = Debug|Any CPU
		Release|Any CPU = Release|Any CPU
	EndGlobalSection
	GlobalSection(ProjectConfigurationPlatforms) = postSolution
		{9F33B349-61D7-4BB7-85E6-29473093BE70}.Debug|Any CPU.ActiveCfg = Debug|Any CPU
		{9F33B349-61D7-4BB7-85E6-29473093BE70}.Debug|Any CPU.Build.0 = Debug|Any CPU
		{9F33B349-61D7-4BB7-85E6-29473093BE70}.Release|Any CPU.ActiveCfg = Release|Any CPU
		{9F33B349-61D7-4BB7-85E6-29473093BE70}.Release|Any CPU.Build.0 = Release|Any CPU
	EndGlobalSection
	GlobalSection(SolutionProperties) = preSolution
		HideSolutionNode = FALSE
	EndGlobalSection
	GlobalSection(ExtensibilityGlobals) = postSolution
		SolutionGuid = {F48E79D6-E626-4360-90EB-88B4291ED82C}
	EndGlobalSection
EndGlobal
