
Microsoft Visual Studio Solution File, Format Version 12.00
# Visual Studio Version 17
VisualStudioVersion = 17.7.34031.279
MinimumVisualStudioVersion = 10.0.40219.1
Project("{FAE04EC0-301F-11D3-BF4B-00C04F79EFBC}") = "Largest_NonDecreasing_Subsequence", "Largest_NonDecreasing_Subsequence\Largest_NonDecreasing_Subsequence.csproj", "{EE080551-7F05-4BA9-83D5-8166BD9D49FE}"
EndProject
Global
	GlobalSection(SolutionConfigurationPlatforms) = preSolution
		Debug|Any CPU = Debug|Any CPU
		Release|Any CPU = Release|Any CPU
	EndGlobalSection
	GlobalSection(ProjectConfigurationPlatforms) = postSolution
		{EE080551-7F05-4BA9-83D5-8166BD9D49FE}.Debug|Any CPU.ActiveCfg = Debug|Any CPU
		{EE080551-7F05-4BA9-83D5-8166BD9D49FE}.Debug|Any CPU.Build.0 = Debug|Any CPU
		{EE080551-7F05-4BA9-83D5-8166BD9D49FE}.Release|Any CPU.ActiveCfg = Release|Any CPU
		{EE080551-7F05-4BA9-83D5-8166BD9D49FE}.Release|Any CPU.Build.0 = Release|Any CPU
	EndGlobalSection
	GlobalSection(SolutionProperties) = preSolution
		HideSolutionNode = FALSE
	EndGlobalSection
	GlobalSection(ExtensibilityGlobals) = postSolution
		SolutionGuid = {D49BA923-353E-49AE-B28C-6FF597343F7D}
	EndGlobalSection
EndGlobal
